
Microsoft Visual Studio Solution File, Format Version 12.00
# Visual Studio Version 17
VisualStudioVersion = 17.0.31903.59
MinimumVisualStudioVersion = 10.0.40219.1
Project("{2150E333-8FDC-42A3-9474-1A3956D46DE8}") = "src", "src", "{827E0CD3-B72D-47B6-A68D-7590B98EB39B}"
EndProject
Project("{FAE04EC0-301F-11D3-BF4B-00C04F79EFBC}") = "TaskTracker.Api", "src\TaskTracker.Api\TaskTracker.Api.csproj", "{A7CF9AD7-E6E9-48CB-9EA8-BBC11E10511F}"
EndProject
Project("{2150E333-8FDC-42A3-9474-1A3956D46DE8}") = "tests", "tests", "{0AB3BF05-4346-4AA6-1389-037BE0695223}"
EndProject
Project("{FAE04EC0-301F-11D3-BF4B-00C04F79EFBC}") = "TaskTracker.Api.Tests", "tests\TaskTracker.Api.Tests\TaskTracker.Api.Tests.csproj", "{A1346686-9932-426D-ABD3-3672A408907B}"
EndProject
Global
	GlobalSection(SolutionConfigurationPlatforms) = preSolution
		Debug|Any CPU = Debug|Any CPU
		Debug|x64 = Debug|x64
		Debug|x86 = Debug|x86
		Release|Any CPU = Release|Any CPU
		Release|x64 = Release|x64
		Release|x86 = Release|x86
	EndGlobalSection
	GlobalSection(ProjectConfigurationPlatforms) = postSolution
		{A7CF9AD7-E6E9-48CB-9EA8-BBC11E10511F}.Debug|Any CPU.ActiveCfg = Debug|Any CPU
		{A7CF9AD7-E6E9-48CB-9EA8-BBC11E10511F}.Debug|Any CPU.Build.0 = Debug|Any CPU
		{A7CF9AD7-E6E9-48CB-9EA8-BBC11E10511F}.Debug|x64.ActiveCfg = Debug|Any CPU
		{A7CF9AD7-E6E9-48CB-9EA8-BBC11E10511F}.Debug|x64.Build.0 = Debug|Any CPU
		{A7CF9AD7-E6E9-48CB-9EA8-BBC11E10511F}.Debug|x86.ActiveCfg = Debug|Any CPU
		{A7CF9AD7-E6E9-48CB-9EA8-BBC11E10511F}.Debug|x86.Build.0 = Debug|Any CPU
		{A7CF9AD7-E6E9-48CB-9EA8-BBC11E10511F}.Release|Any CPU.ActiveCfg = Release|Any CPU
		{A7CF9AD7-E6E9-48CB-9EA8-BBC11E10511F}.Release|Any CPU.Build.0 = Release|Any CPU
		{A7CF9AD7-E6E9-48CB-9EA8-BBC11E10511F}.Release|x64.ActiveCfg = Release|Any CPU
		{A7CF9AD7-E6E9-48CB-9EA8-BBC11E10511F}.Release|x64.Build.0 = Release|Any CPU
		{A7CF9AD7-E6E9-48CB-9EA8-BBC11E10511F}.Release|x86.ActiveCfg = Release|Any CPU
		{A7CF9AD7-E6E9-48CB-9EA8-BBC11E10511F}.Release|x86.Build.0 = Release|Any CPU
		{A1346686-9932-426D-ABD3-3672A408907B}.Debug|Any CPU.ActiveCfg = Debug|Any CPU
		{A1346686-9932-426D-ABD3-3672A408907B}.Debug|Any CPU.Build.0 = Debug|Any CPU
		{A1346686-9932-426D-ABD3-3672A408907B}.Debug|x64.ActiveCfg = Debug|Any CPU
		{A1346686-9932-426D-ABD3-3672A408907B}.Debug|x64.Build.0 = Debug|Any CPU
		{A1346686-9932-426D-ABD3-3672A408907B}.Debug|x86.ActiveCfg = Debug|Any CPU
		{A1346686-9932-426D-ABD3-3672A408907B}.Debug|x86.Build.0 = Debug|Any CPU
		{A1346686-9932-426D-ABD3-3672A408907B}.Release|Any CPU.ActiveCfg = Release|Any CPU
		{A1346686-9932-426D-ABD3-3672A408907B}.Release|Any CPU.Build.0 = Release|Any CPU
		{A1346686-9932-426D-ABD3-3672A408907B}.Release|x64.ActiveCfg = Release|Any CPU
		{A1346686-9932-426D-ABD3-3672A408907B}.Release|x64.Build.0 = Release|Any CPU
		{A1346686-9932-426D-ABD3-3672A408907B}.Release|x86.ActiveCfg = Release|Any CPU
		{A1346686-9932-426D-ABD3-3672A408907B}.Release|x86.Build.0 = Release|Any CPU
	EndGlobalSection
	GlobalSection(SolutionProperties) = preSolution
		HideSolutionNode = FALSE
	EndGlobalSection
	GlobalSection(NestedProjects) = preSolution
		{A7CF9AD7-E6E9-48CB-9EA8-BBC11E10511F} = {827E0CD3-B72D-47B6-A68D-7590B98EB39B}
		{A1346686-9932-426D-ABD3-3672A408907B} = {0AB3BF05-4346-4AA6-1389-037BE0695223}
	EndGlobalSection
EndGlobal
